
Microsoft Visual Studio Solution File, Format Version 12.00
# Visual Studio Version 16
VisualStudioVersion = 25.0.1706.7
MinimumVisualStudioVersion = 10.0.40219.1
Project("{FAE04EC0-301F-11D3-BF4B-00C04F79EFBC}") = "Entities", "Entities\Entities.csproj", "{473E4F48-44AA-400D-B8F1-BD0B65ADB014}"
EndProject
Project("{FAE04EC0-301F-11D3-BF4B-00C04F79EFBC}") = "Business", "Business\Business.csproj", "{B8596CE7-1ECC-4476-98C7-20C27D998514}"
EndProject
Project("{FAE04EC0-301F-11D3-BF4B-00C04F79EFBC}") = "Core", "Core\Core.csproj", "{3D26964A-808B-4582-A649-162523654F5F}"
EndProject
Project("{FAE04EC0-301F-11D3-BF4B-00C04F79EFBC}") = "DataAccess", "DataAccess\DataAccess.csproj", "{58D671E1-1FE2-4A04-AD86-4C3111DC564D}"
EndProject
Project("{FAE04EC0-301F-11D3-BF4B-00C04F79EFBC}") = "WebApi", "WebApi\WebApi.csproj", "{E5B3ADE0-B37D-45CD-8206-D93370C656F8}"
EndProject
Global
	GlobalSection(SolutionConfigurationPlatforms) = preSolution
		Debug|Any CPU = Debug|Any CPU
		Release|Any CPU = Release|Any CPU
	EndGlobalSection
	GlobalSection(ProjectConfigurationPlatforms) = postSolution
		{473E4F48-44AA-400D-B8F1-BD0B65ADB014}.Debug|Any CPU.ActiveCfg = Debug|Any CPU
		{473E4F48-44AA-400D-B8F1-BD0B65ADB014}.Debug|Any CPU.Build.0 = Debug|Any CPU
		{473E4F48-44AA-400D-B8F1-BD0B65ADB014}.Release|Any CPU.ActiveCfg = Release|Any CPU
		{473E4F48-44AA-400D-B8F1-BD0B65ADB014}.Release|Any CPU.Build.0 = Release|Any CPU
		{B8596CE7-1ECC-4476-98C7-20C27D998514}.Debug|Any CPU.ActiveCfg = Debug|Any CPU
		{B8596CE7-1ECC-4476-98C7-20C27D998514}.Debug|Any CPU.Build.0 = Debug|Any CPU
		{B8596CE7-1ECC-4476-98C7-20C27D998514}.Release|Any CPU.ActiveCfg = Release|Any CPU
		{B8596CE7-1ECC-4476-98C7-20C27D998514}.Release|Any CPU.Build.0 = Release|Any CPU
		{3D26964A-808B-4582-A649-162523654F5F}.Debug|Any CPU.ActiveCfg = Debug|Any CPU
		{3D26964A-808B-4582-A649-162523654F5F}.Debug|Any CPU.Build.0 = Debug|Any CPU
		{3D26964A-808B-4582-A649-162523654F5F}.Release|Any CPU.ActiveCfg = Release|Any CPU
		{3D26964A-808B-4582-A649-162523654F5F}.Release|Any CPU.Build.0 = Release|Any CPU
		{58D671E1-1FE2-4A04-AD86-4C3111DC564D}.Debug|Any CPU.ActiveCfg = Debug|Any CPU
		{58D671E1-1FE2-4A04-AD86-4C3111DC564D}.Debug|Any CPU.Build.0 = Debug|Any CPU
		{58D671E1-1FE2-4A04-AD86-4C3111DC564D}.Release|Any CPU.ActiveCfg = Release|Any CPU
		{58D671E1-1FE2-4A04-AD86-4C3111DC564D}.Release|Any CPU.Build.0 = Release|Any CPU
		{E5B3ADE0-B37D-45CD-8206-D93370C656F8}.Debug|Any CPU.ActiveCfg = Debug|Any CPU
		{E5B3ADE0-B37D-45CD-8206-D93370C656F8}.Debug|Any CPU.Build.0 = Debug|Any CPU
		{E5B3ADE0-B37D-45CD-8206-D93370C656F8}.Release|Any CPU.ActiveCfg = Release|Any CPU
		{E5B3ADE0-B37D-45CD-8206-D93370C656F8}.Release|Any CPU.Build.0 = Release|Any CPU
	EndGlobalSection
	GlobalSection(SolutionProperties) = preSolution
		HideSolutionNode = FALSE
	EndGlobalSection
	GlobalSection(ExtensibilityGlobals) = postSolution
		SolutionGuid = {7424096F-9297-4FE3-B4F6-48504304C1B6}
	EndGlobalSection
EndGlobal
